
Microsoft Visual Studio Solution File, Format Version 12.00
# Visual Studio Version 16
VisualStudioVersion = 16.0.31727.386
MinimumVisualStudioVersion = 10.0.40219.1
Project("{FAE04EC0-301F-11D3-BF4B-00C04F79EFBC}") = "APICatalogo", "APICatalogo\APICatalogo.csproj", "{BB83C436-694A-4A9D-A421-598C93BF09CD}"
EndProject
Global
	GlobalSection(SolutionConfigurationPlatforms) = preSolution
		Debug|Any CPU = Debug|Any CPU
		Release|Any CPU = Release|Any CPU
	EndGlobalSection
	GlobalSection(ProjectConfigurationPlatforms) = postSolution
		{BB83C436-694A-4A9D-A421-598C93BF09CD}.Debug|Any CPU.ActiveCfg = Debug|Any CPU
		{BB83C436-694A-4A9D-A421-598C93BF09CD}.Debug|Any CPU.Build.0 = Debug|Any CPU
		{BB83C436-694A-4A9D-A421-598C93BF09CD}.Release|Any CPU.ActiveCfg = Release|Any CPU
		{BB83C436-694A-4A9D-A421-598C93BF09CD}.Release|Any CPU.Build.0 = Release|Any CPU
	EndGlobalSection
	GlobalSection(SolutionProperties) = preSolution
		HideSolutionNode = FALSE
	EndGlobalSection
	GlobalSection(ExtensibilityGlobals) = postSolution
		SolutionGuid = {1ABF38A3-9808-4F20-BF0A-E1222A5232E7}
	EndGlobalSection
EndGlobal
